
Microsoft Visual Studio Solution File, Format Version 12.00
# Visual Studio Version 17
VisualStudioVersion = 17.5.33516.290
MinimumVisualStudioVersion = 10.0.40219.1
Project("{FAE04EC0-301F-11D3-BF4B-00C04F79EFBC}") = "TravailImprinerieConsole", "TravailImprinerieConsole.csproj", "{8328D046-7DE8-4219-8C80-FF554CDFF04D}"
EndProject
Global
	GlobalSection(SolutionConfigurationPlatforms) = preSolution
		Debug|Any CPU = Debug|Any CPU
		Release|Any CPU = Release|Any CPU
	EndGlobalSection
	GlobalSection(ProjectConfigurationPlatforms) = postSolution
		{8328D046-7DE8-4219-8C80-FF554CDFF04D}.Debug|Any CPU.ActiveCfg = Debug|Any CPU
		{8328D046-7DE8-4219-8C80-FF554CDFF04D}.Debug|Any CPU.Build.0 = Debug|Any CPU
		{8328D046-7DE8-4219-8C80-FF554CDFF04D}.Release|Any CPU.ActiveCfg = Release|Any CPU
		{8328D046-7DE8-4219-8C80-FF554CDFF04D}.Release|Any CPU.Build.0 = Release|Any CPU
	EndGlobalSection
	GlobalSection(SolutionProperties) = preSolution
		HideSolutionNode = FALSE
	EndGlobalSection
	GlobalSection(ExtensibilityGlobals) = postSolution
		SolutionGuid = {B0E05894-A0F5-41CA-B4CC-D0B32124004F}
	EndGlobalSection
EndGlobal
