
Microsoft Visual Studio Solution File, Format Version 12.00
# Visual Studio Version 17
VisualStudioVersion = 17.1.32210.238
MinimumVisualStudioVersion = 10.0.40219.1
Project("{9A19103F-16F7-4668-BE54-9A1E7A4F7556}") = "AffichageTableau2DBasique90Degres", "AffichageTableau2DBasique90Degres.csproj", "{C99C5643-AA59-4712-8F6C-3507C3383960}"
EndProject
Global
	GlobalSection(SolutionConfigurationPlatforms) = preSolution
		Debug|Any CPU = Debug|Any CPU
		Release|Any CPU = Release|Any CPU
	EndGlobalSection
	GlobalSection(ProjectConfigurationPlatforms) = postSolution
		{C99C5643-AA59-4712-8F6C-3507C3383960}.Debug|Any CPU.ActiveCfg = Debug|Any CPU
		{C99C5643-AA59-4712-8F6C-3507C3383960}.Debug|Any CPU.Build.0 = Debug|Any CPU
		{C99C5643-AA59-4712-8F6C-3507C3383960}.Release|Any CPU.ActiveCfg = Release|Any CPU
		{C99C5643-AA59-4712-8F6C-3507C3383960}.Release|Any CPU.Build.0 = Release|Any CPU
	EndGlobalSection
	GlobalSection(SolutionProperties) = preSolution
		HideSolutionNode = FALSE
	EndGlobalSection
	GlobalSection(ExtensibilityGlobals) = postSolution
		SolutionGuid = {6B4B1775-6B20-4F03-8935-867B3A07A559}
	EndGlobalSection
EndGlobal
