
Microsoft Visual Studio Solution File, Format Version 12.00
# Visual Studio Version 17
VisualStudioVersion = 17.5.33516.290
MinimumVisualStudioVersion = 10.0.40219.1
Project("{9A19103F-16F7-4668-BE54-9A1E7A4F7556}") = "ConsoleTypesVariables", "ConsoleTypesVariables.csproj", "{42C50F74-8E83-4D86-954C-6FABBFE39BEE}"
EndProject
Global
	GlobalSection(SolutionConfigurationPlatforms) = preSolution
		Debug|Any CPU = Debug|Any CPU
		Exemples|Any CPU = Exemples|Any CPU
		Release|Any CPU = Release|Any CPU
	EndGlobalSection
	GlobalSection(ProjectConfigurationPlatforms) = postSolution
		{42C50F74-8E83-4D86-954C-6FABBFE39BEE}.Debug|Any CPU.ActiveCfg = Debug|Any CPU
		{42C50F74-8E83-4D86-954C-6FABBFE39BEE}.Debug|Any CPU.Build.0 = Debug|Any CPU
		{42C50F74-8E83-4D86-954C-6FABBFE39BEE}.Exemples|Any CPU.ActiveCfg = Exemples|Any CPU
		{42C50F74-8E83-4D86-954C-6FABBFE39BEE}.Exemples|Any CPU.Build.0 = Exemples|Any CPU
		{42C50F74-8E83-4D86-954C-6FABBFE39BEE}.Release|Any CPU.ActiveCfg = Release|Any CPU
		{42C50F74-8E83-4D86-954C-6FABBFE39BEE}.Release|Any CPU.Build.0 = Release|Any CPU
	EndGlobalSection
	GlobalSection(SolutionProperties) = preSolution
		HideSolutionNode = FALSE
	EndGlobalSection
	GlobalSection(ExtensibilityGlobals) = postSolution
		SolutionGuid = {2BDFCE1A-C2B8-441D-8177-7CDE4B0CB862}
	EndGlobalSection
EndGlobal
