
Microsoft Visual Studio Solution File, Format Version 12.00
# Visual Studio Version 16
VisualStudioVersion = 16.0.32106.194
MinimumVisualStudioVersion = 10.0.40219.1
Project("{FAE04EC0-301F-11D3-BF4B-00C04F79EFBC}") = "DemoCadreDynamique", "DemoCadreDynamique.csproj", "{D5CFAF01-9AFA-4F50-971A-0223B6852A65}"
EndProject
Global
	GlobalSection(SolutionConfigurationPlatforms) = preSolution
		Debug|Any CPU = Debug|Any CPU
		Release|Any CPU = Release|Any CPU
	EndGlobalSection
	GlobalSection(ProjectConfigurationPlatforms) = postSolution
		{D5CFAF01-9AFA-4F50-971A-0223B6852A65}.Debug|Any CPU.ActiveCfg = Debug|Any CPU
		{D5CFAF01-9AFA-4F50-971A-0223B6852A65}.Debug|Any CPU.Build.0 = Debug|Any CPU
		{D5CFAF01-9AFA-4F50-971A-0223B6852A65}.Release|Any CPU.ActiveCfg = Release|Any CPU
		{D5CFAF01-9AFA-4F50-971A-0223B6852A65}.Release|Any CPU.Build.0 = Release|Any CPU
	EndGlobalSection
	GlobalSection(SolutionProperties) = preSolution
		HideSolutionNode = FALSE
	EndGlobalSection
	GlobalSection(ExtensibilityGlobals) = postSolution
		SolutionGuid = {28BB9779-4EC0-49E7-8E76-CD57D364E799}
	EndGlobalSection
EndGlobal
