
Microsoft Visual Studio Solution File, Format Version 12.00
# Visual Studio Version 17
VisualStudioVersion = 17.1.32210.238
MinimumVisualStudioVersion = 10.0.40219.1
Project("{9A19103F-16F7-4668-BE54-9A1E7A4F7556}") = "Afficher les entrees inversement a leur ordre de saisie", "Afficher les entrees inversement a leur ordre de saisie.csproj", "{F3267C36-06AE-4785-BC96-80EB436FF711}"
EndProject
Global
	GlobalSection(SolutionConfigurationPlatforms) = preSolution
		Debug|Any CPU = Debug|Any CPU
		Debug|x64 = Debug|x64
		Release|Any CPU = Release|Any CPU
		Release|x64 = Release|x64
	EndGlobalSection
	GlobalSection(ProjectConfigurationPlatforms) = postSolution
		{F3267C36-06AE-4785-BC96-80EB436FF711}.Debug|Any CPU.ActiveCfg = Debug|Any CPU
		{F3267C36-06AE-4785-BC96-80EB436FF711}.Debug|Any CPU.Build.0 = Debug|Any CPU
		{F3267C36-06AE-4785-BC96-80EB436FF711}.Debug|x64.ActiveCfg = Debug|x64
		{F3267C36-06AE-4785-BC96-80EB436FF711}.Debug|x64.Build.0 = Debug|x64
		{F3267C36-06AE-4785-BC96-80EB436FF711}.Release|Any CPU.ActiveCfg = Release|Any CPU
		{F3267C36-06AE-4785-BC96-80EB436FF711}.Release|Any CPU.Build.0 = Release|Any CPU
		{F3267C36-06AE-4785-BC96-80EB436FF711}.Release|x64.ActiveCfg = Release|x64
		{F3267C36-06AE-4785-BC96-80EB436FF711}.Release|x64.Build.0 = Release|x64
	EndGlobalSection
	GlobalSection(SolutionProperties) = preSolution
		HideSolutionNode = FALSE
	EndGlobalSection
	GlobalSection(ExtensibilityGlobals) = postSolution
		SolutionGuid = {FAB8DE6C-28D3-4238-AE0E-ADDEB41228C9}
	EndGlobalSection
EndGlobal
