
Microsoft Visual Studio Solution File, Format Version 12.00
# Visual Studio Version 17
VisualStudioVersion = 17.0.32014.148
MinimumVisualStudioVersion = 10.0.40219.1
Project("{9A19103F-16F7-4668-BE54-9A1E7A4F7556}") = "ConsoleTravailString", "ConsoleTravailString.csproj", "{638145AA-4E2A-418C-A651-2197E19C1FB4}"
EndProject
Global
	GlobalSection(SolutionConfigurationPlatforms) = preSolution
		Debug|Any CPU = Debug|Any CPU
		Exemples|Any CPU = Exemples|Any CPU
		Release|Any CPU = Release|Any CPU
	EndGlobalSection
	GlobalSection(ProjectConfigurationPlatforms) = postSolution
		{638145AA-4E2A-418C-A651-2197E19C1FB4}.Debug|Any CPU.ActiveCfg = Debug|Any CPU
		{638145AA-4E2A-418C-A651-2197E19C1FB4}.Debug|Any CPU.Build.0 = Debug|Any CPU
		{638145AA-4E2A-418C-A651-2197E19C1FB4}.Exemples|Any CPU.ActiveCfg = Exemples|Any CPU
		{638145AA-4E2A-418C-A651-2197E19C1FB4}.Exemples|Any CPU.Build.0 = Exemples|Any CPU
		{638145AA-4E2A-418C-A651-2197E19C1FB4}.Release|Any CPU.ActiveCfg = Release|Any CPU
		{638145AA-4E2A-418C-A651-2197E19C1FB4}.Release|Any CPU.Build.0 = Release|Any CPU
	EndGlobalSection
	GlobalSection(SolutionProperties) = preSolution
		HideSolutionNode = FALSE
	EndGlobalSection
	GlobalSection(ExtensibilityGlobals) = postSolution
		SolutionGuid = {C0C441AC-9409-4EC2-9A44-0266DBC264CB}
	EndGlobalSection
EndGlobal
